// !$*UTF8*$!
{
	archiveVersion = 1;
	classes = {
	};
	objectVersion = 46;
	objects = {

/* Begin PBXBuildFile section */
		63A6B0DC1E404780007FBC27 /* AppDelegate.swift in Sources */ = {isa = PBXBuildFile; fileRef = 63A6B0DB1E404780007FBC27 /* AppDelegate.swift */; };
		63A6B0DE1E404780007FBC27 /* RecordSoundsViewController.swift in Sources */ = {isa = PBXBuildFile; fileRef = 63A6B0DD1E404780007FBC27 /* RecordSoundsViewController.swift */; };
		63A6B0E11E404780007FBC27 /* Main.storyboard in Resources */ = {isa = PBXBuildFile; fileRef = 63A6B0DF1E404780007FBC27 /* Main.storyboard */; };
		63A6B0E31E404780007FBC27 /* Assets.xcassets in Resources */ = {isa = PBXBuildFile; fileRef = 63A6B0E21E404780007FBC27 /* Assets.xcassets */; };
		63A6B0E61E404780007FBC27 /* LaunchScreen.storyboard in Resources */ = {isa = PBXBuildFile; fileRef = 63A6B0E41E404780007FBC27 /* LaunchScreen.storyboard */; };
		63A6B1051E4193A7007FBC27 /* PlaySoundsViewController.swift in Sources */ = {isa = PBXBuildFile; fileRef = 63A6B1041E4193A7007FBC27 /* PlaySoundsViewController.swift */; };
		63A6B1071E42639E007FBC27 /* PlaySoundsViewController+Audio.swift in Sources */ = {isa = PBXBuildFile; fileRef = 63A6B1061E42639E007FBC27 /* PlaySoundsViewController+Audio.swift */; };
/* End PBXBuildFile section */

/* Begin PBXFileReference section */
		63A6B0D81E404780007FBC27 /* PitchPerfect.app */ = {isa = PBXFileReference; explicitFileType = wrapper.application; includeInIndex = 0; path = PitchPerfect.app; sourceTree = BUILT_PRODUCTS_DIR; };
		63A6B0DB1E404780007FBC27 /* AppDelegate.swift */ = {isa = PBXFileReference; lastKnownFileType = sourcecode.swift; path = AppDelegate.swift; sourceTree = "<group>"; };
		63A6B0DD1E404780007FBC27 /* RecordSoundsViewController.swift */ = {isa = PBXFileReference; lastKnownFileType = sourcecode.swift; path = RecordSoundsViewController.swift; sourceTree = "<group>"; };
		63A6B0E01E404780007FBC27 /* Base */ = {isa = PBXFileReference; lastKnownFileType = file.storyboard; name = Base; path = Base.lproj/Main.storyboard; sourceTree = "<group>"; };
		63A6B0E21E404780007FBC27 /* Assets.xcassets */ = {isa = PBXFileReference; lastKnownFileType = folder.assetcatalog; path = Assets.xcassets; sourceTree = "<group>"; };
		63A6B0E51E404780007FBC27 /* Base */ = {isa = PBXFileReference; lastKnownFileType = file.storyboard; name = Base; path = Base.lproj/LaunchScreen.storyboard; sourceTree = "<group>"; };
		63A6B0E71E404780007FBC27 /* Info.plist */ = {isa = PBXFileReference; lastKnownFileType = text.plist.xml; path = Info.plist; sourceTree = "<group>"; };
		63A6B1041E4193A7007FBC27 /* PlaySoundsViewController.swift */ = {isa = PBXFileReference; fileEncoding = 4; lastKnownFileType = sourcecode.swift; path = PlaySoundsViewController.swift; sourceTree = "<group>"; };
		63A6B1061E42639E007FBC27 /* PlaySoundsViewController+Audio.swift */ = {isa = PBXFileReference; fileEncoding = 4; lastKnownFileType = sourcecode.swift; path = "PlaySoundsViewController+Audio.swift"; sourceTree = "<group>"; };
/* End PBXFileReference section */

/* Begin PBXFrameworksBuildPhase section */
		63A6B0D51E404780007FBC27 /* Frameworks */ = {
			isa = PBXFrameworksBuildPhase;
			buildActionMask = 2147483647;
			files = (
			);
			runOnlyForDeploymentPostprocessing = 0;
		};
/* End PBXFrameworksBuildPhase section */

/* Begin PBXGroup section */
		63A6B0CF1E404780007FBC27 = {
			isa = PBXGroup;
			children = (
				63A6B0DA1E404780007FBC27 /* PitchPerfect */,
				63A6B0D91E404780007FBC27 /* Products */,
			);
			sourceTree = "<group>";
		};
		63A6B0D91E404780007FBC27 /* Products */ = {
			isa = PBXGroup;
			children = (
				63A6B0D81E404780007FBC27 /* PitchPerfect.app */,
			);
			name = Products;
			sourceTree = "<group>";
		};
		63A6B0DA1E404780007FBC27 /* PitchPerfect */ = {
			isa = PBXGroup;
			children = (
				63A6B0DB1E404780007FBC27 /* AppDelegate.swift */,
				63A6B0DD1E404780007FBC27 /* RecordSoundsViewController.swift */,
				63A6B1041E4193A7007FBC27 /* PlaySoundsViewController.swift */,
				63A6B1061E42639E007FBC27 /* PlaySoundsViewController+Audio.swift */,
				63A6B0DF1E404780007FBC27 /* Main.storyboard */,
				63A6B0E21E404780007FBC27 /* Assets.xcassets */,
				63A6B0E41E404780007FBC27 /* LaunchScreen.storyboard */,
				63A6B0E71E404780007FBC27 /* Info.plist */,
			);
			path = PitchPerfect;
			sourceTree = "<group>";
		};
/* End PBXGroup section */

/* Begin PBXNativeTarget section */
		63A6B0D71E404780007FBC27 /* PitchPerfect */ = {
			isa = PBXNativeTarget;
			buildConfigurationList = 63A6B0EA1E404780007FBC27 /* Build configuration list for PBXNativeTarget "PitchPerfect" */;
			buildPhases = (
				63A6B0D41E404780007FBC27 /* Sources */,
				63A6B0D51E404780007FBC27 /* Frameworks */,
				63A6B0D61E404780007FBC27 /* Resources */,
			);
			buildRules = (
			);
			dependencies = (
			);
			name = PitchPerfect;
			productName = PitchPerfect;
			productReference = 63A6B0D81E404780007FBC27 /* PitchPerfect.app */;
			productType = "com.apple.product-type.application";
		};
/* End PBXNativeTarget section */

/* Begin PBXProject section */
		63A6B0D01E404780007FBC27 /* Project object */ = {
			isa = PBXProject;
			attributes = {
				LastSwiftUpdateCheck = 0820;
				LastUpgradeCheck = 0820;
				ORGANIZATIONNAME = "Vincent Lee";
				TargetAttributes = {
					63A6B0D71E404780007FBC27 = {
						CreatedOnToolsVersion = 8.2;
						DevelopmentTeam = 53U5T28T2E;
						ProvisioningStyle = Automatic;
					};
				};
			};
			buildConfigurationList = 63A6B0D31E404780007FBC27 /* Build configuration list for PBXProject "PitchPerfect" */;
			compatibilityVersion = "Xcode 3.2";
			developmentRegion = English;
			hasScannedForEncodings = 0;
			knownRegions = (
				en,
				Base,
			);
			mainGroup = 63A6B0CF1E404780007FBC27;
			productRefGroup = 63A6B0D91E404780007FBC27 /* Products */;
			projectDirPath = "";
			projectRoot = "";
			targets = (
				63A6B0D71E404780007FBC27 /* PitchPerfect */,
			);
		};
/* End PBXProject section */

/* Begin PBXResourcesBuildPhase section */
		63A6B0D61E404780007FBC27 /* Resources */ = {
			isa = PBXResourcesBuildPhase;
			buildActionMask = 2147483647;
			files = (
				63A6B0E61E404780007FBC27 /* LaunchScreen.storyboard in Resources */,
				63A6B0E31E404780007FBC27 /* Assets.xcassets in Resources */,
				63A6B0E11E404780007FBC27 /* Main.storyboard in Resources */,
			);
			runOnlyForDeploymentPostprocessing = 0;
		};
/* End PBXResourcesBuildPhase section */

/* Begin PBXSourcesBuildPhase section */
		63A6B0D41E404780007FBC27 /* Sources */ = {
			isa = PBXSourcesBuildPhase;
			buildActionMask = 2147483647;
			files = (
				63A6B0DE1E404780007FBC27 /* RecordSoundsViewController.swift in Sources */,
				63A6B1071E42639E007FBC27 /* PlaySoundsViewController+Audio.swift in Sources */,
				63A6B1051E4193A7007FBC27 /* PlaySoundsViewController.swift in Sources */,
				63A6B0DC1E404780007FBC27 /* AppDelegate.swift in Sources */,
			);
			runOnlyForDeploymentPostprocessing = 0;
		};
/* End PBXSourcesBuildPhase section */

/* Begin PBXVariantGroup section */
		63A6B0DF1E404780007FBC27 /* Main.storyboard */ = {
			isa = PBXVariantGroup;
			children = (
				63A6B0E01E404780007FBC27 /* Base */,
			);
			name = Main.storyboard;
			sourceTree = "<group>";
		};
		63A6B0E41E404780007FBC27 /* LaunchScreen.storyboard */ = {
			isa = PBXVariantGroup;
			children = (
				63A6B0E51E404780007FBC27 /* Base */,
			);
			name = LaunchScreen.storyboard;
			sourceTree = "<group>";
		};
/* End PBXVariantGroup section */

/* Begin XCBuildConfiguration section */
		63A6B0E81E404780007FBC27 /* Debug */ = {
			isa = XCBuildConfiguration;
			buildSettings = {
				ALWAYS_SEARCH_USER_PATHS = NO;
				CLANG_ANALYZER_NONNULL = YES;
				CLANG_CXX_LANGUAGE_STANDARD = "gnu++0x";
				CLANG_CXX_LIBRARY = "libc++";
				CLANG_ENABLE_MODULES = YES;
				CLANG_ENABLE_OBJC_ARC = YES;
				CLANG_WARN_BOOL_CONVERSION = YES;
				CLANG_WARN_CONSTANT_CONVERSION = YES;
				CLANG_WARN_DIRECT_OBJC_ISA_USAGE = YES_ERROR;
				CLANG_WARN_DOCUMENTATION_COMMENTS = YES;
				CLANG_WARN_EMPTY_BODY = YES;
				CLANG_WARN_ENUM_CONVERSION = YES;
				CLANG_WARN_INFINITE_RECURSION = YES;
				CLANG_WARN_INT_CONVERSION = YES;
				CLANG_WARN_OBJC_ROOT_CLASS = YES_ERROR;
				CLANG_WARN_SUSPICIOUS_MOVE = YES;
				CLANG_WARN_UNREACHABLE_CODE = YES;
				CLANG_WARN__DUPLICATE_METHOD_MATCH = YES;
				"CODE_SIGN_IDENTITY[sdk=iphoneos*]" = "iPhone Developer";
				COPY_PHASE_STRIP = NO;
				DEBUG_INFORMATION_FORMAT = dwarf;
				ENABLE_STRICT_OBJC_MSGSEND = YES;
				ENABLE_TESTABILITY = YES;
				GCC_C_LANGUAGE_STANDARD = gnu99;
				GCC_DYNAMIC_NO_PIC = NO;
				GCC_NO_COMMON_BLOCKS = YES;
				GCC_OPTIMIZATION_LEVEL = 0;
				GCC_PREPROCESSOR_DEFINITIONS = (
					"DEBUG=1",
					"$(inherited)",
				);
				GCC_WARN_64_TO_32_BIT_CONVERSION = YES;
				GCC_WARN_ABOUT_RETURN_TYPE = YES_ERROR;
				GCC_WARN_UNDECLARED_SELECTOR = YES;
				GCC_WARN_UNINITIALIZED_AUTOS = YES_AGGRESSIVE;
				GCC_WARN_UNUSED_FUNCTION = YES;
				GCC_WARN_UNUSED_VARIABLE = YES;
				IPHONEOS_DEPLOYMENT_TARGET = 10.2;
				MTL_ENABLE_DEBUG_INFO = YES;
				ONLY_ACTIVE_ARCH = YES;
				SDKROOT = iphoneos;
				SWIFT_ACTIVE_COMPILATION_CONDITIONS = DEBUG;
				SWIFT_OPTIMIZATION_LEVEL = "-Onone";
				TARGETED_DEVICE_FAMILY = "1,2";
			};
			name = Debug;
		};
		63A6B0E91E404780007FBC27 /* Release */ = {
			isa = XCBuildConfiguration;
			buildSettings = {
				ALWAYS_SEARCH_USER_PATHS = NO;
				CLANG_ANALYZER_NONNULL = YES;
				CLANG_CXX_LANGUAGE_STANDARD = "gnu++0x";
				CLANG_CXX_LIBRARY = "libc++";
				CLANG_ENABLE_MODULES = YES;
				CLANG_ENABLE_OBJC_ARC = YES;
				CLANG_WARN_BOOL_CONVERSION = YES;
				CLANG_WARN_CONSTANT_CONVERSION = YES;
				CLANG_WARN_DIRECT_OBJC_ISA_USAGE = YES_ERROR;
				CLANG_WARN_DOCUMENTATION_COMMENTS = YES;
				CLANG_WARN_EMPTY_BODY = YES;
				CLANG_WARN_ENUM_CONVERSION = YES;
				CLANG_WARN_INFINITE_RECURSION = YES;
				CLANG_WARN_INT_CONVERSION = YES;
				CLANG_WARN_OBJC_ROOT_CLASS = YES_ERROR;
				CLANG_WARN_SUSPICIOUS_MOVE = YES;
				CLANG_WARN_UNREACHABLE_CODE = YES;
				CLANG_WARN__DUPLICATE_METHOD_MATCH = YES;
				"CODE_SIGN_IDENTITY[sdk=iphoneos*]" = "iPhone Developer";
				COPY_PHASE_STRIP = NO;
				DEBUG_INFORMATION_FORMAT = "dwarf-with-dsym";
				ENABLE_NS_ASSERTIONS = NO;
				ENABLE_STRICT_OBJC_MSGSEND = YES;
				GCC_C_LANGUAGE_STANDARD = gnu99;
				GCC_NO_COMMON_BLOCKS = YES;
				GCC_WARN_64_TO_32_BIT_CONVERSION = YES;
				GCC_WARN_ABOUT_RETURN_TYPE = YES_ERROR;
				GCC_WARN_UNDECLARED_SELECTOR = YES;
				GCC_WARN_UNINITIALIZED_AUTOS = YES_AGGRESSIVE;
				GCC_WARN_UNUSED_FUNCTION = YES;
				GCC_WARN_UNUSED_VARIABLE = YES;
				IPHONEOS_DEPLOYMENT_TARGET = 10.2;
				MTL_ENABLE_DEBUG_INFO = NO;
				SDKROOT = iphoneos;
				SWIFT_OPTIMIZATION_LEVEL = "-Owholemodule";
				TARGETED_DEVICE_FAMILY = "1,2";
				VALIDATE_PRODUCT = YES;
			};
			name = Release;
		};
		63A6B0EB1E404780007FBC27 /* Debug */ = {
			isa = XCBuildConfiguration;
			buildSettings = {
				ASSETCATALOG_COMPILER_APPICON_NAME = AppIcon;
				DEVELOPMENT_TEAM = 53U5T28T2E;
				INFOPLIST_FILE = PitchPerfect/Info.plist;
				LD_RUNPATH_SEARCH_PATHS = "$(inherited) @executable_path/Frameworks";
				PRODUCT_BUNDLE_IDENTIFIER = com.10kbulbs.PitchPerfect;
				PRODUCT_NAME = "$(TARGET_NAME)";
				SWIFT_VERSION = 3.0;
			};
			name = Debug;
		};
		63A6B0EC1E404780007FBC27 /* Release */ = {
			isa = XCBuildConfiguration;
			buildSettings = {
				ASSETCATALOG_COMPILER_APPICON_NAME = AppIcon;
				DEVELOPMENT_TEAM = 53U5T28T2E;
				INFOPLIST_FILE = PitchPerfect/Info.plist;
				LD_RUNPATH_SEARCH_PATHS = "$(inherited) @executable_path/Frameworks";
				PRODUCT_BUNDLE_IDENTIFIER = com.10kbulbs.PitchPerfect;
				PRODUCT_NAME = "$(TARGET_NAME)";
				SWIFT_VERSION = 3.0;
			};
			name = Release;
		};
/* End XCBuildConfiguration section */

/* Begin XCConfigurationList section */
		63A6B0D31E404780007FBC27 /* Build configuration list for PBXProject "PitchPerfect" */ = {
			isa = XCConfigurationList;
			buildConfigurations = (
				63A6B0E81E404780007FBC27 /* Debug */,
				63A6B0E91E404780007FBC27 /* Release */,
			);
			defaultConfigurationIsVisible = 0;
			defaultConfigurationName = Release;
		};
		63A6B0EA1E404780007FBC27 /* Build configuration list for PBXNativeTarget "PitchPerfect" */ = {
			isa = XCConfigurationList;
			buildConfigurations = (
				63A6B0EB1E404780007FBC27 /* Debug */,
				63A6B0EC1E404780007FBC27 /* Release */,
			);
			defaultConfigurationIsVisible = 0;
		};
/* End XCConfigurationList section */
	};
	rootObject = 63A6B0D01E404780007FBC27 /* Project object */;
}
